diff --git a//dev/null b/package-lock.json
index 0000000000000000000000000000000000000000..92b76cc88ac62926c1c366574606919eab0ea756 100644
--- a//dev/null
+++ b/package-lock.json
@@ -0,0 +1,21 @@
+{
+  "name": "goal-tracking-calendar",
+  "version": "1.0.0",
+  "lockfileVersion": 3,
+  "requires": true,
+  "packages": {
+    "": {
+      "name": "goal-tracking-calendar",
+      "version": "1.0.0",
+      "license": "MIT",
+      "dependencies": {
+        "@serverless-jwt/netlify": "0.2.0"
+      }
+    }
+  },
+  "dependencies": {
+    "@serverless-jwt/netlify": {
+      "version": "0.2.0"
+    }
+  }
+}
